
Microsoft Visual Studio Solution File, Format Version 12.00
# Visual Studio 15
Project("{FAE04EC0-301F-11D3-BF4B-00C04F79EFBC}") = "Assembly-CSharp", "Assembly-CSharp.csproj", "{C883C331-FD2E-0E1A-A9E6-F9FD523F8585}"
EndProject
Project("{FAE04EC0-301F-11D3-BF4B-00C04F79EFBC}") = "Oculus.VR", "Oculus.VR.csproj", "{B487912B-757F-1931-79B8-A172AFF4F7B8}"
EndProject
Project("{FAE04EC0-301F-11D3-BF4B-00C04F79EFBC}") = "Assembly-CSharp-Editor", "Assembly-CSharp-Editor.csproj", "{C610FB7D-7835-C7FA-16B2-54E90EF7914C}"
EndProject
Project("{FAE04EC0-301F-11D3-BF4B-00C04F79EFBC}") = "Oculus.VR.Scripts.Editor", "Oculus.VR.Scripts.Editor.csproj", "{27BC9853-B1DD-47B6-94FE-59A24B61762A}"
EndProject
Project("{FAE04EC0-301F-11D3-BF4B-00C04F79EFBC}") = "Oculus.VR.Editor", "Oculus.VR.Editor.csproj", "{F8CB081E-B930-0F18-BC08-BC6548EA35D7}"
EndProject
Global
	GlobalSection(SolutionConfigurationPlatforms) = preSolution
		Debug|Any CPU = Debug|Any CPU
		Release|Any CPU = Release|Any CPU
	EndGlobalSection
	GlobalSection(ProjectConfigurationPlatforms) = postSolution
		{C883C331-FD2E-0E1A-A9E6-F9FD523F8585}.Debug|Any CPU.ActiveCfg = Debug|Any CPU
		{C883C331-FD2E-0E1A-A9E6-F9FD523F8585}.Debug|Any CPU.Build.0 = Debug|Any CPU
		{C883C331-FD2E-0E1A-A9E6-F9FD523F8585}.Release|Any CPU.ActiveCfg = Release|Any CPU
		{C883C331-FD2E-0E1A-A9E6-F9FD523F8585}.Release|Any CPU.Build.0 = Release|Any CPU
		{B487912B-757F-1931-79B8-A172AFF4F7B8}.Debug|Any CPU.ActiveCfg = Debug|Any CPU
		{B487912B-757F-1931-79B8-A172AFF4F7B8}.Debug|Any CPU.Build.0 = Debug|Any CPU
		{B487912B-757F-1931-79B8-A172AFF4F7B8}.Release|Any CPU.ActiveCfg = Release|Any CPU
		{B487912B-757F-1931-79B8-A172AFF4F7B8}.Release|Any CPU.Build.0 = Release|Any CPU
		{C610FB7D-7835-C7FA-16B2-54E90EF7914C}.Debug|Any CPU.ActiveCfg = Debug|Any CPU
		{C610FB7D-7835-C7FA-16B2-54E90EF7914C}.Debug|Any CPU.Build.0 = Debug|Any CPU
		{C610FB7D-7835-C7FA-16B2-54E90EF7914C}.Release|Any CPU.ActiveCfg = Release|Any CPU
		{C610FB7D-7835-C7FA-16B2-54E90EF7914C}.Release|Any CPU.Build.0 = Release|Any CPU
		{27BC9853-B1DD-47B6-94FE-59A24B61762A}.Debug|Any CPU.ActiveCfg = Debug|Any CPU
		{27BC9853-B1DD-47B6-94FE-59A24B61762A}.Debug|Any CPU.Build.0 = Debug|Any CPU
		{27BC9853-B1DD-47B6-94FE-59A24B61762A}.Release|Any CPU.ActiveCfg = Release|Any CPU
		{27BC9853-B1DD-47B6-94FE-59A24B61762A}.Release|Any CPU.Build.0 = Release|Any CPU
		{F8CB081E-B930-0F18-BC08-BC6548EA35D7}.Debug|Any CPU.ActiveCfg = Debug|Any CPU
		{F8CB081E-B930-0F18-BC08-BC6548EA35D7}.Debug|Any CPU.Build.0 = Debug|Any CPU
		{F8CB081E-B930-0F18-BC08-BC6548EA35D7}.Release|Any CPU.ActiveCfg = Release|Any CPU
		{F8CB081E-B930-0F18-BC08-BC6548EA35D7}.Release|Any CPU.Build.0 = Release|Any CPU
	EndGlobalSection
	GlobalSection(SolutionProperties) = preSolution
		HideSolutionNode = FALSE
	EndGlobalSection
EndGlobal
